// !$*UTF8*$!
{
	archiveVersion = 1;
	classes = {
	};
	objectVersion = 56;
	objects = {

/* Begin PBXBuildFile section */
		47AF373C2A2E706C00998158 /* Question1.png in Resources */ = {isa = PBXBuildFile; fileRef = 47AF37372A2E706B00998158 /* Question1.png */; };
		47AF373D2A2E706C00998158 /* Question1Wrong.png in Resources */ = {isa = PBXBuildFile; fileRef = 47AF37382A2E706B00998158 /* Question1Wrong.png */; };
		47AF373E2A2E706C00998158 /* Question1Correct.png in Resources */ = {isa = PBXBuildFile; fileRef = 47AF37392A2E706B00998158 /* Question1Correct.png */; };
		47AF373F2A2E706C00998158 /* Question2.png in Resources */ = {isa = PBXBuildFile; fileRef = 47AF373A2A2E706B00998158 /* Question2.png */; };
		47AF37402A2E706C00998158 /* Question2Correct.png in Resources */ = {isa = PBXBuildFile; fileRef = 47AF373B2A2E706C00998158 /* Question2Correct.png */; };
		47AF37422A2E713300998158 /* Question2Wrong.png in Resources */ = {isa = PBXBuildFile; fileRef = 47AF37412A2E713300998158 /* Question2Wrong.png */; };
		47D19DB829F4DEB7008023CD /* QuizzAppApp.swift in Sources */ = {isa = PBXBuildFile; fileRef = 47D19DB729F4DEB7008023CD /* QuizzAppApp.swift */; };
		47D19DBA29F4DEB7008023CD /* ContentView.swift in Sources */ = {isa = PBXBuildFile; fileRef = 47D19DB929F4DEB7008023CD /* ContentView.swift */; };
		47D19DBC29F4DEB9008023CD /* Assets.xcassets in Resources */ = {isa = PBXBuildFile; fileRef = 47D19DBB29F4DEB9008023CD /* Assets.xcassets */; };
		47D19DBF29F4DEB9008023CD /* Preview Assets.xcassets in Resources */ = {isa = PBXBuildFile; fileRef = 47D19DBE29F4DEB9008023CD /* Preview Assets.xcassets */; };
		47D19DC729F4E9A7008023CD /* QuizModel.swift in Sources */ = {isa = PBXBuildFile; fileRef = 47D19DC629F4E9A7008023CD /* QuizModel.swift */; };
		47D19DCA29F629FF008023CD /* QuizViewModel.swift in Sources */ = {isa = PBXBuildFile; fileRef = 47D19DC929F629FF008023CD /* QuizViewModel.swift */; };
		47D19DCD29F63542008023CD /* ResultView.swift in Sources */ = {isa = PBXBuildFile; fileRef = 47D19DCC29F63542008023CD /* ResultView.swift */; };
		47D19DCF29F786B1008023CD /* ChoiceGridView.swift in Sources */ = {isa = PBXBuildFile; fileRef = 47D19DCE29F786B1008023CD /* ChoiceGridView.swift */; };
		47D19DD129F78B7A008023CD /* ResuableText.swift in Sources */ = {isa = PBXBuildFile; fileRef = 47D19DD029F78B7A008023CD /* ResuableText.swift */; };
		47D19DD329F79728008023CD /* TimerCountdownView.swift in Sources */ = {isa = PBXBuildFile; fileRef = 47D19DD229F79728008023CD /* TimerCountdownView.swift */; };
/* End PBXBuildFile section */

/* Begin PBXFileReference section */
		47AF37372A2E706B00998158 /* Question1.png */ = {isa = PBXFileReference; lastKnownFileType = image.png; path = Question1.png; sourceTree = "<group>"; };
		47AF37382A2E706B00998158 /* Question1Wrong.png */ = {isa = PBXFileReference; lastKnownFileType = image.png; path = Question1Wrong.png; sourceTree = "<group>"; };
		47AF37392A2E706B00998158 /* Question1Correct.png */ = {isa = PBXFileReference; lastKnownFileType = image.png; path = Question1Correct.png; sourceTree = "<group>"; };
		47AF373A2A2E706B00998158 /* Question2.png */ = {isa = PBXFileReference; lastKnownFileType = image.png; path = Question2.png; sourceTree = "<group>"; };
		47AF373B2A2E706C00998158 /* Question2Correct.png */ = {isa = PBXFileReference; lastKnownFileType = image.png; path = Question2Correct.png; sourceTree = "<group>"; };
		47AF37412A2E713300998158 /* Question2Wrong.png */ = {isa = PBXFileReference; lastKnownFileType = image.png; path = Question2Wrong.png; sourceTree = "<group>"; };
		47D19DB429F4DEB7008023CD /* QuizzApp.app */ = {isa = PBXFileReference; explicitFileType = wrapper.application; includeInIndex = 0; path = QuizzApp.app; sourceTree = BUILT_PRODUCTS_DIR; };
		47D19DB729F4DEB7008023CD /* QuizzAppApp.swift */ = {isa = PBXFileReference; lastKnownFileType = sourcecode.swift; path = QuizzAppApp.swift; sourceTree = "<group>"; };
		47D19DB929F4DEB7008023CD /* ContentView.swift */ = {isa = PBXFileReference; lastKnownFileType = sourcecode.swift; path = ContentView.swift; sourceTree = "<group>"; };
		47D19DBB29F4DEB9008023CD /* Assets.xcassets */ = {isa = PBXFileReference; lastKnownFileType = folder.assetcatalog; path = Assets.xcassets; sourceTree = "<group>"; };
		47D19DBE29F4DEB9008023CD /* Preview Assets.xcassets */ = {isa = PBXFileReference; lastKnownFileType = folder.assetcatalog; path = "Preview Assets.xcassets"; sourceTree = "<group>"; };
		47D19DC629F4E9A7008023CD /* QuizModel.swift */ = {isa = PBXFileReference; lastKnownFileType = sourcecode.swift; path = QuizModel.swift; sourceTree = "<group>"; };
		47D19DC929F629FF008023CD /* QuizViewModel.swift */ = {isa = PBXFileReference; lastKnownFileType = sourcecode.swift; path = QuizViewModel.swift; sourceTree = "<group>"; };
		47D19DCC29F63542008023CD /* ResultView.swift */ = {isa = PBXFileReference; lastKnownFileType = sourcecode.swift; path = ResultView.swift; sourceTree = "<group>"; };
		47D19DCE29F786B1008023CD /* ChoiceGridView.swift */ = {isa = PBXFileReference; lastKnownFileType = sourcecode.swift; path = ChoiceGridView.swift; sourceTree = "<group>"; };
		47D19DD029F78B7A008023CD /* ResuableText.swift */ = {isa = PBXFileReference; lastKnownFileType = sourcecode.swift; path = ResuableText.swift; sourceTree = "<group>"; };
		47D19DD229F79728008023CD /* TimerCountdownView.swift */ = {isa = PBXFileReference; lastKnownFileType = sourcecode.swift; path = TimerCountdownView.swift; sourceTree = "<group>"; };
/* End PBXFileReference section */

/* Begin PBXFrameworksBuildPhase section */
		47D19DB129F4DEB7008023CD /* Frameworks */ = {
			isa = PBXFrameworksBuildPhase;
			buildActionMask = 2147483647;
			files = (
			);
			runOnlyForDeploymentPostprocessing = 0;
		};
/* End PBXFrameworksBuildPhase section */

/* Begin PBXGroup section */
		47AF37362A2E705200998158 /* Screenshots */ = {
			isa = PBXGroup;
			children = (
				47AF37372A2E706B00998158 /* Question1.png */,
				47AF37392A2E706B00998158 /* Question1Correct.png */,
				47AF37412A2E713300998158 /* Question2Wrong.png */,
				47AF373A2A2E706B00998158 /* Question2.png */,
				47AF373B2A2E706C00998158 /* Question2Correct.png */,
				47AF37382A2E706B00998158 /* Question1Wrong.png */,
			);
			path = Screenshots;
			sourceTree = "<group>";
		};
		47D19DAB29F4DEB7008023CD = {
			isa = PBXGroup;
			children = (
				47D19DB629F4DEB7008023CD /* QuizzApp */,
				47D19DB529F4DEB7008023CD /* Products */,
			);
			sourceTree = "<group>";
		};
		47D19DB529F4DEB7008023CD /* Products */ = {
			isa = PBXGroup;
			children = (
				47D19DB429F4DEB7008023CD /* QuizzApp.app */,
			);
			name = Products;
			sourceTree = "<group>";
		};
		47D19DB629F4DEB7008023CD /* QuizzApp */ = {
			isa = PBXGroup;
			children = (
				47AF37362A2E705200998158 /* Screenshots */,
				47D19DC829F629EB008023CD /* ViewModel */,
				47D19DC529F4E989008023CD /* Models */,
				47D19DCB29F62A27008023CD /* Views */,
				47D19DB729F4DEB7008023CD /* QuizzAppApp.swift */,
				47D19DBB29F4DEB9008023CD /* Assets.xcassets */,
				47D19DBD29F4DEB9008023CD /* Preview Content */,
			);
			path = QuizzApp;
			sourceTree = "<group>";
		};
		47D19DBD29F4DEB9008023CD /* Preview Content */ = {
			isa = PBXGroup;
			children = (
				47D19DBE29F4DEB9008023CD /* Preview Assets.xcassets */,
			);
			path = "Preview Content";
			sourceTree = "<group>";
		};
		47D19DC529F4E989008023CD /* Models */ = {
			isa = PBXGroup;
			children = (
				47D19DC629F4E9A7008023CD /* QuizModel.swift */,
			);
			path = Models;
			sourceTree = "<group>";
		};
		47D19DC829F629EB008023CD /* ViewModel */ = {
			isa = PBXGroup;
			children = (
				47D19DC929F629FF008023CD /* QuizViewModel.swift */,
			);
			path = ViewModel;
			sourceTree = "<group>";
		};
		47D19DCB29F62A27008023CD /* Views */ = {
			isa = PBXGroup;
			children = (
				47D19DB929F4DEB7008023CD /* ContentView.swift */,
				47D19DCC29F63542008023CD /* ResultView.swift */,
				47D19DCE29F786B1008023CD /* ChoiceGridView.swift */,
				47D19DD029F78B7A008023CD /* ResuableText.swift */,
				47D19DD229F79728008023CD /* TimerCountdownView.swift */,
			);
			path = Views;
			sourceTree = "<group>";
		};
/* End PBXGroup section */

/* Begin PBXNativeTarget section */
		47D19DB329F4DEB7008023CD /* QuizzApp */ = {
			isa = PBXNativeTarget;
			buildConfigurationList = 47D19DC229F4DEB9008023CD /* Build configuration list for PBXNativeTarget "QuizzApp" */;
			buildPhases = (
				47D19DB029F4DEB7008023CD /* Sources */,
				47D19DB129F4DEB7008023CD /* Frameworks */,
				47D19DB229F4DEB7008023CD /* Resources */,
			);
			buildRules = (
			);
			dependencies = (
			);
			name = QuizzApp;
			productName = QuizzApp;
			productReference = 47D19DB429F4DEB7008023CD /* QuizzApp.app */;
			productType = "com.apple.product-type.application";
		};
/* End PBXNativeTarget section */

/* Begin PBXProject section */
		47D19DAC29F4DEB7008023CD /* Project object */ = {
			isa = PBXProject;
			attributes = {
				BuildIndependentTargetsInParallel = 1;
				LastSwiftUpdateCheck = 1420;
				LastUpgradeCheck = 1420;
				TargetAttributes = {
					47D19DB329F4DEB7008023CD = {
						CreatedOnToolsVersion = 14.2;
					};
				};
			};
			buildConfigurationList = 47D19DAF29F4DEB7008023CD /* Build configuration list for PBXProject "QuizzApp" */;
			compatibilityVersion = "Xcode 14.0";
			developmentRegion = en;
			hasScannedForEncodings = 0;
			knownRegions = (
				en,
				Base,
			);
			mainGroup = 47D19DAB29F4DEB7008023CD;
			productRefGroup = 47D19DB529F4DEB7008023CD /* Products */;
			projectDirPath = "";
			projectRoot = "";
			targets = (
				47D19DB329F4DEB7008023CD /* QuizzApp */,
			);
		};
/* End PBXProject section */

/* Begin PBXResourcesBuildPhase section */
		47D19DB229F4DEB7008023CD /* Resources */ = {
			isa = PBXResourcesBuildPhase;
			buildActionMask = 2147483647;
			files = (
				47AF373E2A2E706C00998158 /* Question1Correct.png in Resources */,
				47D19DBF29F4DEB9008023CD /* Preview Assets.xcassets in Resources */,
				47AF373D2A2E706C00998158 /* Question1Wrong.png in Resources */,
				47D19DBC29F4DEB9008023CD /* Assets.xcassets in Resources */,
				47AF373C2A2E706C00998158 /* Question1.png in Resources */,
				47AF37402A2E706C00998158 /* Question2Correct.png in Resources */,
				47AF373F2A2E706C00998158 /* Question2.png in Resources */,
				47AF37422A2E713300998158 /* Question2Wrong.png in Resources */,
			);
			runOnlyForDeploymentPostprocessing = 0;
		};
/* End PBXResourcesBuildPhase section */

/* Begin PBXSourcesBuildPhase section */
		47D19DB029F4DEB7008023CD /* Sources */ = {
			isa = PBXSourcesBuildPhase;
			buildActionMask = 2147483647;
			files = (
				47D19DD329F79728008023CD /* TimerCountdownView.swift in Sources */,
				47D19DBA29F4DEB7008023CD /* ContentView.swift in Sources */,
				47D19DC729F4E9A7008023CD /* QuizModel.swift in Sources */,
				47D19DCD29F63542008023CD /* ResultView.swift in Sources */,
				47D19DD129F78B7A008023CD /* ResuableText.swift in Sources */,
				47D19DCF29F786B1008023CD /* ChoiceGridView.swift in Sources */,
				47D19DB829F4DEB7008023CD /* QuizzAppApp.swift in Sources */,
				47D19DCA29F629FF008023CD /* QuizViewModel.swift in Sources */,
			);
			runOnlyForDeploymentPostprocessing = 0;
		};
/* End PBXSourcesBuildPhase section */

/* Begin XCBuildConfiguration section */
		47D19DC029F4DEB9008023CD /* Debug */ = {
			isa = XCBuildConfiguration;
			buildSettings = {
				ALWAYS_SEARCH_USER_PATHS = NO;
				CLANG_ANALYZER_NONNULL = YES;
				CLANG_ANALYZER_NUMBER_OBJECT_CONVERSION = YES_AGGRESSIVE;
				CLANG_CXX_LANGUAGE_STANDARD = "gnu++20";
				CLANG_ENABLE_MODULES = YES;
				CLANG_ENABLE_OBJC_ARC = YES;
				CLANG_ENABLE_OBJC_WEAK = YES;
				CLANG_WARN_BLOCK_CAPTURE_AUTORELEASING = YES;
				CLANG_WARN_BOOL_CONVERSION = YES;
				CLANG_WARN_COMMA = YES;
				CLANG_WARN_CONSTANT_CONVERSION = YES;
				CLANG_WARN_DEPRECATED_OBJC_IMPLEMENTATIONS = YES;
				CLANG_WARN_DIRECT_OBJC_ISA_USAGE = YES_ERROR;
				CLANG_WARN_DOCUMENTATION_COMMENTS = YES;
				CLANG_WARN_EMPTY_BODY = YES;
				CLANG_WARN_ENUM_CONVERSION = YES;
				CLANG_WARN_INFINITE_RECURSION = YES;
				CLANG_WARN_INT_CONVERSION = YES;
				CLANG_WARN_NON_LITERAL_NULL_CONVERSION = YES;
				CLANG_WARN_OBJC_IMPLICIT_RETAIN_SELF = YES;
				CLANG_WARN_OBJC_LITERAL_CONVERSION = YES;
				CLANG_WARN_OBJC_ROOT_CLASS = YES_ERROR;
				CLANG_WARN_QUOTED_INCLUDE_IN_FRAMEWORK_HEADER = YES;
				CLANG_WARN_RANGE_LOOP_ANALYSIS = YES;
				CLANG_WARN_STRICT_PROTOTYPES = YES;
				CLANG_WARN_SUSPICIOUS_MOVE = YES;
				CLANG_WARN_UNGUARDED_AVAILABILITY = YES_AGGRESSIVE;
				CLANG_WARN_UNREACHABLE_CODE = YES;
				CLANG_WARN__DUPLICATE_METHOD_MATCH = YES;
				COPY_PHASE_STRIP = NO;
				DEBUG_INFORMATION_FORMAT = dwarf;
				ENABLE_STRICT_OBJC_MSGSEND = YES;
				ENABLE_TESTABILITY = YES;
				GCC_C_LANGUAGE_STANDARD = gnu11;
				GCC_DYNAMIC_NO_PIC = NO;
				GCC_NO_COMMON_BLOCKS = YES;
				GCC_OPTIMIZATION_LEVEL = 0;
				GCC_PREPROCESSOR_DEFINITIONS = (
					"DEBUG=1",
					"$(inherited)",
				);
				GCC_WARN_64_TO_32_BIT_CONVERSION = YES;
				GCC_WARN_ABOUT_RETURN_TYPE = YES_ERROR;
				GCC_WARN_UNDECLARED_SELECTOR = YES;
				GCC_WARN_UNINITIALIZED_AUTOS = YES_AGGRESSIVE;
				GCC_WARN_UNUSED_FUNCTION = YES;
				GCC_WARN_UNUSED_VARIABLE = YES;
				IPHONEOS_DEPLOYMENT_TARGET = 16.2;
				MTL_ENABLE_DEBUG_INFO = INCLUDE_SOURCE;
				MTL_FAST_MATH = YES;
				ONLY_ACTIVE_ARCH = YES;
				SDKROOT = iphoneos;
				SWIFT_ACTIVE_COMPILATION_CONDITIONS = DEBUG;
				SWIFT_OPTIMIZATION_LEVEL = "-Onone";
			};
			name = Debug;
		};
		47D19DC129F4DEB9008023CD /* Release */ = {
			isa = XCBuildConfiguration;
			buildSettings = {
				ALWAYS_SEARCH_USER_PATHS = NO;
				CLANG_ANALYZER_NONNULL = YES;
				CLANG_ANALYZER_NUMBER_OBJECT_CONVERSION = YES_AGGRESSIVE;
				CLANG_CXX_LANGUAGE_STANDARD = "gnu++20";
				CLANG_ENABLE_MODULES = YES;
				CLANG_ENABLE_OBJC_ARC = YES;
				CLANG_ENABLE_OBJC_WEAK = YES;
				CLANG_WARN_BLOCK_CAPTURE_AUTORELEASING = YES;
				CLANG_WARN_BOOL_CONVERSION = YES;
				CLANG_WARN_COMMA = YES;
				CLANG_WARN_CONSTANT_CONVERSION = YES;
				CLANG_WARN_DEPRECATED_OBJC_IMPLEMENTATIONS = YES;
				CLANG_WARN_DIRECT_OBJC_ISA_USAGE = YES_ERROR;
				CLANG_WARN_DOCUMENTATION_COMMENTS = YES;
				CLANG_WARN_EMPTY_BODY = YES;
				CLANG_WARN_ENUM_CONVERSION = YES;
				CLANG_WARN_INFINITE_RECURSION = YES;
				CLANG_WARN_INT_CONVERSION = YES;
				CLANG_WARN_NON_LITERAL_NULL_CONVERSION = YES;
				CLANG_WARN_OBJC_IMPLICIT_RETAIN_SELF = YES;
				CLANG_WARN_OBJC_LITERAL_CONVERSION = YES;
				CLANG_WARN_OBJC_ROOT_CLASS = YES_ERROR;
				CLANG_WARN_QUOTED_INCLUDE_IN_FRAMEWORK_HEADER = YES;
				CLANG_WARN_RANGE_LOOP_ANALYSIS = YES;
				CLANG_WARN_STRICT_PROTOTYPES = YES;
				CLANG_WARN_SUSPICIOUS_MOVE = YES;
				CLANG_WARN_UNGUARDED_AVAILABILITY = YES_AGGRESSIVE;
				CLANG_WARN_UNREACHABLE_CODE = YES;
				CLANG_WARN__DUPLICATE_METHOD_MATCH = YES;
				COPY_PHASE_STRIP = NO;
				DEBUG_INFORMATION_FORMAT = "dwarf-with-dsym";
				ENABLE_NS_ASSERTIONS = NO;
				ENABLE_STRICT_OBJC_MSGSEND = YES;
				GCC_C_LANGUAGE_STANDARD = gnu11;
				GCC_NO_COMMON_BLOCKS = YES;
				GCC_WARN_64_TO_32_BIT_CONVERSION = YES;
				GCC_WARN_ABOUT_RETURN_TYPE = YES_ERROR;
				GCC_WARN_UNDECLARED_SELECTOR = YES;
				GCC_WARN_UNINITIALIZED_AUTOS = YES_AGGRESSIVE;
				GCC_WARN_UNUSED_FUNCTION = YES;
				GCC_WARN_UNUSED_VARIABLE = YES;
				IPHONEOS_DEPLOYMENT_TARGET = 16.2;
				MTL_ENABLE_DEBUG_INFO = NO;
				MTL_FAST_MATH = YES;
				SDKROOT = iphoneos;
				SWIFT_COMPILATION_MODE = wholemodule;
				SWIFT_OPTIMIZATION_LEVEL = "-O";
				VALIDATE_PRODUCT = YES;
			};
			name = Release;
		};
		47D19DC329F4DEB9008023CD /* Debug */ = {
			isa = XCBuildConfiguration;
			buildSettings = {
				ASSETCATALOG_COMPILER_APPICON_NAME = AppIcon;
				ASSETCATALOG_COMPILER_GLOBAL_ACCENT_COLOR_NAME = AccentColor;
				CODE_SIGN_STYLE = Automatic;
				CURRENT_PROJECT_VERSION = 1;
				DEVELOPMENT_ASSET_PATHS = "\"QuizzApp/Preview Content\"";
				ENABLE_PREVIEWS = YES;
				GENERATE_INFOPLIST_FILE = YES;
				INFOPLIST_KEY_UIApplicationSceneManifest_Generation = YES;
				INFOPLIST_KEY_UIApplicationSupportsIndirectInputEvents = YES;
				INFOPLIST_KEY_UILaunchScreen_Generation = YES;
				INFOPLIST_KEY_UISupportedInterfaceOrientations_iPad = "UIInterfaceOrientationPortrait UIInterfaceOrientationPortraitUpsideDown UIInterfaceOrientationLandscapeLeft UIInterfaceOrientationLandscapeRight";
				INFOPLIST_KEY_UISupportedInterfaceOrientations_iPhone = "UIInterfaceOrientationPortrait UIInterfaceOrientationLandscapeLeft UIInterfaceOrientationLandscapeRight";
				LD_RUNPATH_SEARCH_PATHS = (
					"$(inherited)",
					"@executable_path/Frameworks",
				);
				MARKETING_VERSION = 1.0;
				PRODUCT_BUNDLE_IDENTIFIER = LVS.QuizzApp;
				PRODUCT_NAME = "$(TARGET_NAME)";
				SWIFT_EMIT_LOC_STRINGS = YES;
				SWIFT_VERSION = 5.0;
				TARGETED_DEVICE_FAMILY = "1,2";
			};
			name = Debug;
		};
		47D19DC429F4DEB9008023CD /* Release */ = {
			isa = XCBuildConfiguration;
			buildSettings = {
				ASSETCATALOG_COMPILER_APPICON_NAME = AppIcon;
				ASSETCATALOG_COMPILER_GLOBAL_ACCENT_COLOR_NAME = AccentColor;
				CODE_SIGN_STYLE = Automatic;
				CURRENT_PROJECT_VERSION = 1;
				DEVELOPMENT_ASSET_PATHS = "\"QuizzApp/Preview Content\"";
				ENABLE_PREVIEWS = YES;
				GENERATE_INFOPLIST_FILE = YES;
				INFOPLIST_KEY_UIApplicationSceneManifest_Generation = YES;
				INFOPLIST_KEY_UIApplicationSupportsIndirectInputEvents = YES;
				INFOPLIST_KEY_UILaunchScreen_Generation = YES;
				INFOPLIST_KEY_UISupportedInterfaceOrientations_iPad = "UIInterfaceOrientationPortrait UIInterfaceOrientationPortraitUpsideDown UIInterfaceOrientationLandscapeLeft UIInterfaceOrientationLandscapeRight";
				INFOPLIST_KEY_UISupportedInterfaceOrientations_iPhone = "UIInterfaceOrientationPortrait UIInterfaceOrientationLandscapeLeft UIInterfaceOrientationLandscapeRight";
				LD_RUNPATH_SEARCH_PATHS = (
					"$(inherited)",
					"@executable_path/Frameworks",
				);
				MARKETING_VERSION = 1.0;
				PRODUCT_BUNDLE_IDENTIFIER = LVS.QuizzApp;
				PRODUCT_NAME = "$(TARGET_NAME)";
				SWIFT_EMIT_LOC_STRINGS = YES;
				SWIFT_VERSION = 5.0;
				TARGETED_DEVICE_FAMILY = "1,2";
			};
			name = Release;
		};
/* End XCBuildConfiguration section */

/* Begin XCConfigurationList section */
		47D19DAF29F4DEB7008023CD /* Build configuration list for PBXProject "QuizzApp" */ = {
			isa = XCConfigurationList;
			buildConfigurations = (
				47D19DC029F4DEB9008023CD /* Debug */,
				47D19DC129F4DEB9008023CD /* Release */,
			);
			defaultConfigurationIsVisible = 0;
			defaultConfigurationName = Release;
		};
		47D19DC229F4DEB9008023CD /* Build configuration list for PBXNativeTarget "QuizzApp" */ = {
			isa = XCConfigurationList;
			buildConfigurations = (
				47D19DC329F4DEB9008023CD /* Debug */,
				47D19DC429F4DEB9008023CD /* Release */,
			);
			defaultConfigurationIsVisible = 0;
			defaultConfigurationName = Release;
		};
/* End XCConfigurationList section */
	};
	rootObject = 47D19DAC29F4DEB7008023CD /* Project object */;
}
